
Microsoft Visual Studio Solution File, Format Version 11.00
# Visual Studio 2010
Project("{FAE04EC0-301F-11D3-BF4B-00C04F79EFBC}") = "EnergyPlusConsoleApplication", "EnergyPlus\EnergyPlusConsoleApplication.csproj", "{3F69FAD3-1483-468C-B531-5248BC7661A8}"
	ProjectSection(ProjectDependencies) = postProject
		{AA8AF931-D455-4696-8EA4-9B53D271F91A} = {AA8AF931-D455-4696-8EA4-9B53D271F91A}
		{654C9538-5233-4E92-A3EE-1E3685032C2E} = {654C9538-5233-4E92-A3EE-1E3685032C2E}
	EndProjectSection
EndProject
Project("{FAE04EC0-301F-11D3-BF4B-00C04F79EFBC}") = "EnergyPlusLib", "EnergyPlusLib\EnergyPlusLib.csproj", "{654C9538-5233-4E92-A3EE-1E3685032C2E}"
EndProject
Project("{FAE04EC0-301F-11D3-BF4B-00C04F79EFBC}") = "gbXMLLib", "gbXMLLib\gbXMLLib.csproj", "{AA8AF931-D455-4696-8EA4-9B53D271F91A}"
EndProject
Project("{FAE04EC0-301F-11D3-BF4B-00C04F79EFBC}") = "EPTreeTest", "EPTreeTest\EPTreeTest.csproj", "{3F421EC3-801A-486E-ABD4-D551D2399B86}"
EndProject
Global
	GlobalSection(SolutionConfigurationPlatforms) = preSolution
		Debug|Any CPU = Debug|Any CPU
		Debug|Mixed Platforms = Debug|Mixed Platforms
		Debug|x86 = Debug|x86
		Release|Any CPU = Release|Any CPU
		Release|Mixed Platforms = Release|Mixed Platforms
		Release|x86 = Release|x86
	EndGlobalSection
	GlobalSection(ProjectConfigurationPlatforms) = postSolution
		{3F69FAD3-1483-468C-B531-5248BC7661A8}.Debug|Any CPU.ActiveCfg = Debug|Any CPU
		{3F69FAD3-1483-468C-B531-5248BC7661A8}.Debug|Any CPU.Build.0 = Debug|Any CPU
		{3F69FAD3-1483-468C-B531-5248BC7661A8}.Debug|Mixed Platforms.ActiveCfg = Debug|Any CPU
		{3F69FAD3-1483-468C-B531-5248BC7661A8}.Debug|Mixed Platforms.Build.0 = Debug|Any CPU
		{3F69FAD3-1483-468C-B531-5248BC7661A8}.Debug|x86.ActiveCfg = Debug|Any CPU
		{3F69FAD3-1483-468C-B531-5248BC7661A8}.Release|Any CPU.ActiveCfg = Release|Any CPU
		{3F69FAD3-1483-468C-B531-5248BC7661A8}.Release|Any CPU.Build.0 = Release|Any CPU
		{3F69FAD3-1483-468C-B531-5248BC7661A8}.Release|Mixed Platforms.ActiveCfg = Release|Any CPU
		{3F69FAD3-1483-468C-B531-5248BC7661A8}.Release|Mixed Platforms.Build.0 = Release|Any CPU
		{3F69FAD3-1483-468C-B531-5248BC7661A8}.Release|x86.ActiveCfg = Release|Any CPU
		{654C9538-5233-4E92-A3EE-1E3685032C2E}.Debug|Any CPU.ActiveCfg = Debug|Any CPU
		{654C9538-5233-4E92-A3EE-1E3685032C2E}.Debug|Any CPU.Build.0 = Debug|Any CPU
		{654C9538-5233-4E92-A3EE-1E3685032C2E}.Debug|Mixed Platforms.ActiveCfg = Debug|Any CPU
		{654C9538-5233-4E92-A3EE-1E3685032C2E}.Debug|Mixed Platforms.Build.0 = Debug|Any CPU
		{654C9538-5233-4E92-A3EE-1E3685032C2E}.Debug|x86.ActiveCfg = Debug|Any CPU
		{654C9538-5233-4E92-A3EE-1E3685032C2E}.Release|Any CPU.ActiveCfg = Release|Any CPU
		{654C9538-5233-4E92-A3EE-1E3685032C2E}.Release|Any CPU.Build.0 = Release|Any CPU
		{654C9538-5233-4E92-A3EE-1E3685032C2E}.Release|Mixed Platforms.ActiveCfg = Release|Any CPU
		{654C9538-5233-4E92-A3EE-1E3685032C2E}.Release|Mixed Platforms.Build.0 = Release|Any CPU
		{654C9538-5233-4E92-A3EE-1E3685032C2E}.Release|x86.ActiveCfg = Release|Any CPU
		{AA8AF931-D455-4696-8EA4-9B53D271F91A}.Debug|Any CPU.ActiveCfg = Debug|Any CPU
		{AA8AF931-D455-4696-8EA4-9B53D271F91A}.Debug|Any CPU.Build.0 = Debug|Any CPU
		{AA8AF931-D455-4696-8EA4-9B53D271F91A}.Debug|Mixed Platforms.ActiveCfg = Debug|Any CPU
		{AA8AF931-D455-4696-8EA4-9B53D271F91A}.Debug|Mixed Platforms.Build.0 = Debug|Any CPU
		{AA8AF931-D455-4696-8EA4-9B53D271F91A}.Debug|x86.ActiveCfg = Debug|Any CPU
		{AA8AF931-D455-4696-8EA4-9B53D271F91A}.Release|Any CPU.ActiveCfg = Release|Any CPU
		{AA8AF931-D455-4696-8EA4-9B53D271F91A}.Release|Any CPU.Build.0 = Release|Any CPU
		{AA8AF931-D455-4696-8EA4-9B53D271F91A}.Release|Mixed Platforms.ActiveCfg = Release|Any CPU
		{AA8AF931-D455-4696-8EA4-9B53D271F91A}.Release|Mixed Platforms.Build.0 = Release|Any CPU
		{AA8AF931-D455-4696-8EA4-9B53D271F91A}.Release|x86.ActiveCfg = Release|Any CPU
		{3F421EC3-801A-486E-ABD4-D551D2399B86}.Debug|Any CPU.ActiveCfg = Debug|x86
		{3F421EC3-801A-486E-ABD4-D551D2399B86}.Debug|Mixed Platforms.ActiveCfg = Debug|x86
		{3F421EC3-801A-486E-ABD4-D551D2399B86}.Debug|Mixed Platforms.Build.0 = Debug|x86
		{3F421EC3-801A-486E-ABD4-D551D2399B86}.Debug|x86.ActiveCfg = Debug|x86
		{3F421EC3-801A-486E-ABD4-D551D2399B86}.Debug|x86.Build.0 = Debug|x86
		{3F421EC3-801A-486E-ABD4-D551D2399B86}.Release|Any CPU.ActiveCfg = Release|x86
		{3F421EC3-801A-486E-ABD4-D551D2399B86}.Release|Mixed Platforms.ActiveCfg = Release|x86
		{3F421EC3-801A-486E-ABD4-D551D2399B86}.Release|Mixed Platforms.Build.0 = Release|x86
		{3F421EC3-801A-486E-ABD4-D551D2399B86}.Release|x86.ActiveCfg = Release|x86
		{3F421EC3-801A-486E-ABD4-D551D2399B86}.Release|x86.Build.0 = Release|x86
	EndGlobalSection
	GlobalSection(SolutionProperties) = preSolution
		HideSolutionNode = FALSE
	EndGlobalSection
EndGlobal
